
Microsoft Visual Studio Solution File, Format Version 12.00
# Visual Studio Version 17
VisualStudioVersion = 17.7.34031.279
MinimumVisualStudioVersion = 10.0.40219.1
Project("{FAE04EC0-301F-11D3-BF4B-00C04F79EFBC}") = "19. Class Methods", "19. Class Methods.csproj", "{5BEFD211-5878-4301-9754-8D4A423998F6}"
EndProject
Global
	GlobalSection(SolutionConfigurationPlatforms) = preSolution
		Debug|Any CPU = Debug|Any CPU
		Release|Any CPU = Release|Any CPU
	EndGlobalSection
	GlobalSection(ProjectConfigurationPlatforms) = postSolution
		{5BEFD211-5878-4301-9754-8D4A423998F6}.Debug|Any CPU.ActiveCfg = Debug|Any CPU
		{5BEFD211-5878-4301-9754-8D4A423998F6}.Debug|Any CPU.Build.0 = Debug|Any CPU
		{5BEFD211-5878-4301-9754-8D4A423998F6}.Release|Any CPU.ActiveCfg = Release|Any CPU
		{5BEFD211-5878-4301-9754-8D4A423998F6}.Release|Any CPU.Build.0 = Release|Any CPU
	EndGlobalSection
	GlobalSection(SolutionProperties) = preSolution
		HideSolutionNode = FALSE
	EndGlobalSection
	GlobalSection(ExtensibilityGlobals) = postSolution
		SolutionGuid = {7C45F464-FB1D-4233-8FEE-F9770970C628}
	EndGlobalSection
EndGlobal
